
Microsoft Visual Studio Solution File, Format Version 12.00
# Visual Studio Express 2012 for Web
Project("{FAE04EC0-301F-11D3-BF4B-00C04F79EFBC}") = "DataLayer", "DataLayer\DataLayer.csproj", "{EF79FAC8-B436-4A1D-855F-17B713F62F79}"
EndProject
Project("{FAE04EC0-301F-11D3-BF4B-00C04F79EFBC}") = "DataLayer.Test", "DataLayer.Test\DataLayer.Test.csproj", "{E34CCEA9-C43A-497D-AFEF-DAD1F7DC077B}"
EndProject
Project("{FAE04EC0-301F-11D3-BF4B-00C04F79EFBC}") = "Uni", "Uni\Uni.csproj", "{C9EACE91-D790-4F32-A037-6E444EDAF3E3}"
EndProject
Project("{00D1A9C2-B5F0-4AF3-8072-F6C62B433612}") = "UniDB", "UniDB\UniDB.sqlproj", "{756D8834-2E1F-498D-BF10-25919B2123F5}"
EndProject
Project("{FAE04EC0-301F-11D3-BF4B-00C04F79EFBC}") = "TestDebugger", "TestDebugger\TestDebugger.csproj", "{E476B750-F082-4ACF-AD39-DE91A9CDC7A1}"
EndProject
Global
	GlobalSection(SolutionConfigurationPlatforms) = preSolution
		Debug|Any CPU = Debug|Any CPU
		Release|Any CPU = Release|Any CPU
	EndGlobalSection
	GlobalSection(ProjectConfigurationPlatforms) = postSolution
		{EF79FAC8-B436-4A1D-855F-17B713F62F79}.Debug|Any CPU.ActiveCfg = Debug|Any CPU
		{EF79FAC8-B436-4A1D-855F-17B713F62F79}.Debug|Any CPU.Build.0 = Debug|Any CPU
		{EF79FAC8-B436-4A1D-855F-17B713F62F79}.Release|Any CPU.ActiveCfg = Release|Any CPU
		{EF79FAC8-B436-4A1D-855F-17B713F62F79}.Release|Any CPU.Build.0 = Release|Any CPU
		{E34CCEA9-C43A-497D-AFEF-DAD1F7DC077B}.Debug|Any CPU.ActiveCfg = Debug|Any CPU
		{E34CCEA9-C43A-497D-AFEF-DAD1F7DC077B}.Debug|Any CPU.Build.0 = Debug|Any CPU
		{E34CCEA9-C43A-497D-AFEF-DAD1F7DC077B}.Release|Any CPU.ActiveCfg = Release|Any CPU
		{E34CCEA9-C43A-497D-AFEF-DAD1F7DC077B}.Release|Any CPU.Build.0 = Release|Any CPU
		{C9EACE91-D790-4F32-A037-6E444EDAF3E3}.Debug|Any CPU.ActiveCfg = Debug|Any CPU
		{C9EACE91-D790-4F32-A037-6E444EDAF3E3}.Debug|Any CPU.Build.0 = Debug|Any CPU
		{C9EACE91-D790-4F32-A037-6E444EDAF3E3}.Release|Any CPU.ActiveCfg = Release|Any CPU
		{C9EACE91-D790-4F32-A037-6E444EDAF3E3}.Release|Any CPU.Build.0 = Release|Any CPU
		{756D8834-2E1F-498D-BF10-25919B2123F5}.Debug|Any CPU.ActiveCfg = Debug|Any CPU
		{756D8834-2E1F-498D-BF10-25919B2123F5}.Debug|Any CPU.Build.0 = Debug|Any CPU
		{756D8834-2E1F-498D-BF10-25919B2123F5}.Debug|Any CPU.Deploy.0 = Debug|Any CPU
		{756D8834-2E1F-498D-BF10-25919B2123F5}.Release|Any CPU.ActiveCfg = Release|Any CPU
		{756D8834-2E1F-498D-BF10-25919B2123F5}.Release|Any CPU.Build.0 = Release|Any CPU
		{756D8834-2E1F-498D-BF10-25919B2123F5}.Release|Any CPU.Deploy.0 = Release|Any CPU
		{E476B750-F082-4ACF-AD39-DE91A9CDC7A1}.Debug|Any CPU.ActiveCfg = Debug|Any CPU
		{E476B750-F082-4ACF-AD39-DE91A9CDC7A1}.Debug|Any CPU.Build.0 = Debug|Any CPU
		{E476B750-F082-4ACF-AD39-DE91A9CDC7A1}.Release|Any CPU.ActiveCfg = Release|Any CPU
		{E476B750-F082-4ACF-AD39-DE91A9CDC7A1}.Release|Any CPU.Build.0 = Release|Any CPU
	EndGlobalSection
	GlobalSection(SolutionProperties) = preSolution
		HideSolutionNode = FALSE
	EndGlobalSection
EndGlobal
